
Microsoft Visual Studio Solution File, Format Version 12.00
# Visual Studio Version 17
VisualStudioVersion = 17.0.32014.148
MinimumVisualStudioVersion = 10.0.40219.1
Project("{FAE04EC0-301F-11D3-BF4B-00C04F79EFBC}") = "DeliciousMap", "DeliciousMap\DeliciousMap.csproj", "{57B80EC8-AD04-42CE-B0E5-6D1E7866D22F}"
EndProject
Global
	GlobalSection(SolutionConfigurationPlatforms) = preSolution
		Debug|Any CPU = Debug|Any CPU
		Release|Any CPU = Release|Any CPU
	EndGlobalSection
	GlobalSection(ProjectConfigurationPlatforms) = postSolution
		{57B80EC8-AD04-42CE-B0E5-6D1E7866D22F}.Debug|Any CPU.ActiveCfg = Debug|Any CPU
		{57B80EC8-AD04-42CE-B0E5-6D1E7866D22F}.Debug|Any CPU.Build.0 = Debug|Any CPU
		{57B80EC8-AD04-42CE-B0E5-6D1E7866D22F}.Release|Any CPU.ActiveCfg = Release|Any CPU
		{57B80EC8-AD04-42CE-B0E5-6D1E7866D22F}.Release|Any CPU.Build.0 = Release|Any CPU
	EndGlobalSection
	GlobalSection(SolutionProperties) = preSolution
		HideSolutionNode = FALSE
	EndGlobalSection
	GlobalSection(ExtensibilityGlobals) = postSolution
		SolutionGuid = {D74A036F-1544-407C-BCE4-3DC8C86205C1}
	EndGlobalSection
EndGlobal
